
Microsoft Visual Studio Solution File, Format Version 12.00
# Visual Studio Version 17
VisualStudioVersion = 17.7.34031.279
MinimumVisualStudioVersion = 10.0.40219.1
Project("{FAE04EC0-301F-11D3-BF4B-00C04F79EFBC}") = "Buoi01_1", "Buoi01_1\Buoi01_1.csproj", "{366FFC9E-3BD9-4DCC-BA5F-849DFF3CE716}"
EndProject
Project("{FAE04EC0-301F-11D3-BF4B-00C04F79EFBC}") = "Buoi01_2", "Buoi02_2\Buoi01_2.csproj", "{ABC443F2-E581-4631-B53D-2410729A5FC7}"
EndProject
Project("{FAE04EC0-301F-11D3-BF4B-00C04F79EFBC}") = "Buoi01_03", "Buoi1_03\Buoi01_03.csproj", "{E5E232C3-ABA0-4EC9-8955-9078CE72FC25}"
EndProject
Project("{FAE04EC0-301F-11D3-BF4B-00C04F79EFBC}") = "Buoi01_4", "Buoi01_4\Buoi01_4.csproj", "{269D0CDD-BD87-469B-8A30-BE9D37225809}"
EndProject
Project("{FAE04EC0-301F-11D3-BF4B-00C04F79EFBC}") = "Buoi01_5", "Buoi01_5\Buoi01_5.csproj", "{F999A5D7-D810-400E-AF3E-C34DAD6190A9}"
EndProject
Project("{FAE04EC0-301F-11D3-BF4B-00C04F79EFBC}") = "Buoi01_6", "Buoi01_6\Buoi01_6.csproj", "{0A6B75F2-525F-4D37-B4B9-A33905ACB1DB}"
EndProject
Project("{FAE04EC0-301F-11D3-BF4B-00C04F79EFBC}") = "Buoi01_7", "Buoi01_7\Buoi01_7.csproj", "{246D32CC-4D1B-46C4-BFA2-6226A0210508}"
EndProject
Project("{FAE04EC0-301F-11D3-BF4B-00C04F79EFBC}") = "Buoi02_1", "Buoi02_1\Buoi02_1.csproj", "{E175691D-D96B-4695-8211-AA0DE74C4E90}"
EndProject
Project("{FAE04EC0-301F-11D3-BF4B-00C04F79EFBC}") = "Buoi02_2", "Buoi02_2\Buoi02_2.csproj", "{C2B5D15A-8BFB-47C2-8291-FAA8D1E53AB1}"
EndProject
Project("{FAE04EC0-301F-11D3-BF4B-00C04F79EFBC}") = "Buoi02_3", "Buoi02_3\Buoi02_3.csproj", "{171557CA-C709-4CC8-BC5A-6D42CF506F33}"
EndProject
Global
	GlobalSection(SolutionConfigurationPlatforms) = preSolution
		Debug|Any CPU = Debug|Any CPU
		Release|Any CPU = Release|Any CPU
	EndGlobalSection
	GlobalSection(ProjectConfigurationPlatforms) = postSolution
		{366FFC9E-3BD9-4DCC-BA5F-849DFF3CE716}.Debug|Any CPU.ActiveCfg = Debug|Any CPU
		{366FFC9E-3BD9-4DCC-BA5F-849DFF3CE716}.Debug|Any CPU.Build.0 = Debug|Any CPU
		{366FFC9E-3BD9-4DCC-BA5F-849DFF3CE716}.Release|Any CPU.ActiveCfg = Release|Any CPU
		{366FFC9E-3BD9-4DCC-BA5F-849DFF3CE716}.Release|Any CPU.Build.0 = Release|Any CPU
		{ABC443F2-E581-4631-B53D-2410729A5FC7}.Debug|Any CPU.ActiveCfg = Debug|Any CPU
		{ABC443F2-E581-4631-B53D-2410729A5FC7}.Debug|Any CPU.Build.0 = Debug|Any CPU
		{ABC443F2-E581-4631-B53D-2410729A5FC7}.Release|Any CPU.ActiveCfg = Release|Any CPU
		{ABC443F2-E581-4631-B53D-2410729A5FC7}.Release|Any CPU.Build.0 = Release|Any CPU
		{E5E232C3-ABA0-4EC9-8955-9078CE72FC25}.Debug|Any CPU.ActiveCfg = Debug|Any CPU
		{E5E232C3-ABA0-4EC9-8955-9078CE72FC25}.Debug|Any CPU.Build.0 = Debug|Any CPU
		{E5E232C3-ABA0-4EC9-8955-9078CE72FC25}.Release|Any CPU.ActiveCfg = Release|Any CPU
		{E5E232C3-ABA0-4EC9-8955-9078CE72FC25}.Release|Any CPU.Build.0 = Release|Any CPU
		{269D0CDD-BD87-469B-8A30-BE9D37225809}.Debug|Any CPU.ActiveCfg = Debug|Any CPU
		{269D0CDD-BD87-469B-8A30-BE9D37225809}.Debug|Any CPU.Build.0 = Debug|Any CPU
		{269D0CDD-BD87-469B-8A30-BE9D37225809}.Release|Any CPU.ActiveCfg = Release|Any CPU
		{269D0CDD-BD87-469B-8A30-BE9D37225809}.Release|Any CPU.Build.0 = Release|Any CPU
		{F999A5D7-D810-400E-AF3E-C34DAD6190A9}.Debug|Any CPU.ActiveCfg = Debug|Any CPU
		{F999A5D7-D810-400E-AF3E-C34DAD6190A9}.Debug|Any CPU.Build.0 = Debug|Any CPU
		{F999A5D7-D810-400E-AF3E-C34DAD6190A9}.Release|Any CPU.ActiveCfg = Release|Any CPU
		{F999A5D7-D810-400E-AF3E-C34DAD6190A9}.Release|Any CPU.Build.0 = Release|Any CPU
		{0A6B75F2-525F-4D37-B4B9-A33905ACB1DB}.Debug|Any CPU.ActiveCfg = Debug|Any CPU
		{0A6B75F2-525F-4D37-B4B9-A33905ACB1DB}.Debug|Any CPU.Build.0 = Debug|Any CPU
		{0A6B75F2-525F-4D37-B4B9-A33905ACB1DB}.Release|Any CPU.ActiveCfg = Release|Any CPU
		{0A6B75F2-525F-4D37-B4B9-A33905ACB1DB}.Release|Any CPU.Build.0 = Release|Any CPU
		{246D32CC-4D1B-46C4-BFA2-6226A0210508}.Debug|Any CPU.ActiveCfg = Debug|Any CPU
		{246D32CC-4D1B-46C4-BFA2-6226A0210508}.Debug|Any CPU.Build.0 = Debug|Any CPU
		{246D32CC-4D1B-46C4-BFA2-6226A0210508}.Release|Any CPU.ActiveCfg = Release|Any CPU
		{246D32CC-4D1B-46C4-BFA2-6226A0210508}.Release|Any CPU.Build.0 = Release|Any CPU
		{E175691D-D96B-4695-8211-AA0DE74C4E90}.Debug|Any CPU.ActiveCfg = Debug|Any CPU
		{E175691D-D96B-4695-8211-AA0DE74C4E90}.Debug|Any CPU.Build.0 = Debug|Any CPU
		{E175691D-D96B-4695-8211-AA0DE74C4E90}.Release|Any CPU.ActiveCfg = Release|Any CPU
		{E175691D-D96B-4695-8211-AA0DE74C4E90}.Release|Any CPU.Build.0 = Release|Any CPU
		{C2B5D15A-8BFB-47C2-8291-FAA8D1E53AB1}.Debug|Any CPU.ActiveCfg = Debug|Any CPU
		{C2B5D15A-8BFB-47C2-8291-FAA8D1E53AB1}.Debug|Any CPU.Build.0 = Debug|Any CPU
		{C2B5D15A-8BFB-47C2-8291-FAA8D1E53AB1}.Release|Any CPU.ActiveCfg = Release|Any CPU
		{C2B5D15A-8BFB-47C2-8291-FAA8D1E53AB1}.Release|Any CPU.Build.0 = Release|Any CPU
		{171557CA-C709-4CC8-BC5A-6D42CF506F33}.Debug|Any CPU.ActiveCfg = Debug|Any CPU
		{171557CA-C709-4CC8-BC5A-6D42CF506F33}.Debug|Any CPU.Build.0 = Debug|Any CPU
		{171557CA-C709-4CC8-BC5A-6D42CF506F33}.Release|Any CPU.ActiveCfg = Release|Any CPU
		{171557CA-C709-4CC8-BC5A-6D42CF506F33}.Release|Any CPU.Build.0 = Release|Any CPU
	EndGlobalSection
	GlobalSection(SolutionProperties) = preSolution
		HideSolutionNode = FALSE
	EndGlobalSection
	GlobalSection(ExtensibilityGlobals) = postSolution
		SolutionGuid = {B9FBAE47-5B33-4E0D-BD89-0EFACD15BC3F}
	EndGlobalSection
EndGlobal
